{
  "version": 4,
  "terraform_version": "1.14.3",
  "serial": 24,
  "lineage": "fa9841e0-517c-0af6-6e10-6de92c35945f",
  "outputs": {},
  "resources": [
    {
      "module": "module.management_groups",
      "mode": "managed",
      "type": "azurerm_management_group",
      "name": "landing_zone",
      "provider": "provider[\"registry.terraform.io/hashicorp/azurerm\"]",
      "instances": [
        {
          "schema_version": 0,
          "attributes": {
            "display_name": "Landing Zone",
            "id": "/providers/Microsoft.Management/managementGroups/mg-landing-zone",
            "name": "mg-landing-zone",
            "parent_management_group_id": "/providers/Microsoft.Management/managementGroups/cfa792cf-7768-4341-8857-81754c2afa1f",
            "subscription_ids": [],
            "tenant_scoped_id": "/tenants/cfa792cf-7768-4341-8857-81754c2afa1f/providers/Microsoft.Management/managementGroups/mg-landing-zone",
            "timeouts": null
          },
          "sensitive_attributes": [],
          "identity_schema_version": 0,
          "private": "eyJlMmJmYjczMC1lY2FhLTExZTYtOGY4OC0zNDM2M2JjN2M0YzAiOnsiY3JlYXRlIjoxODAwMDAwMDAwMDAwLCJkZWxldGUiOjE4MDAwMDAwMDAwMDAsInJlYWQiOjMwMDAwMDAwMDAwMCwidXBkYXRlIjoxODAwMDAwMDAwMDAwfX0="
        }
      ]
    },
    {
      "module": "module.networking",
      "mode": "managed",
      "type": "azurerm_resource_group",
      "name": "hub",
      "provider": "provider[\"registry.terraform.io/hashicorp/azurerm\"]",
      "instances": [
        {
          "schema_version": 0,
          "attributes": {
            "id": "/subscriptions/11ff11e0-ab54-4f1e-a7d2-66986dba8a7b/resourceGroups/rg-hub",
            "location": "eastus",
            "managed_by": "",
            "name": "rg-hub",
            "tags": {},
            "timeouts": null
          },
          "sensitive_attributes": [],
          "identity_schema_version": 0,
          "identity": {
            "name": "rg-hub",
            "subscription_id": "11ff11e0-ab54-4f1e-a7d2-66986dba8a7b"
          },
          "private": "eyJlMmJmYjczMC1lY2FhLTExZTYtOGY4OC0zNDM2M2JjN2M0YzAiOnsiY3JlYXRlIjo1NDAwMDAwMDAwMDAwLCJkZWxldGUiOjU0MDAwMDAwMDAwMDAsInJlYWQiOjMwMDAwMDAwMDAwMCwidXBkYXRlIjo1NDAwMDAwMDAwMDAwfX0="
        }
      ]
    },
    {
      "module": "module.networking",
      "mode": "managed",
      "type": "azurerm_resource_group",
      "name": "spoke1",
      "provider": "provider[\"registry.terraform.io/hashicorp/azurerm\"]",
      "instances": [
        {
          "schema_version": 0,
          "attributes": {
            "id": "/subscriptions/11ff11e0-ab54-4f1e-a7d2-66986dba8a7b/resourceGroups/rg-spoke1",
            "location": "eastus",
            "managed_by": "",
            "name": "rg-spoke1",
            "tags": {},
            "timeouts": null
          },
          "sensitive_attributes": [],
          "identity_schema_version": 0,
          "identity": {
            "name": "rg-spoke1",
            "subscription_id": "11ff11e0-ab54-4f1e-a7d2-66986dba8a7b"
          },
          "private": "eyJlMmJmYjczMC1lY2FhLTExZTYtOGY4OC0zNDM2M2JjN2M0YzAiOnsiY3JlYXRlIjo1NDAwMDAwMDAwMDAwLCJkZWxldGUiOjU0MDAwMDAwMDAwMDAsInJlYWQiOjMwMDAwMDAwMDAwMCwidXBkYXRlIjo1NDAwMDAwMDAwMDAwfX0="
        }
      ]
    },
    {
      "module": "module.networking",
      "mode": "managed",
      "type": "azurerm_subnet",
      "name": "hub_subnet",
      "provider": "provider[\"registry.terraform.io/hashicorp/azurerm\"]",
      "instances": [
        {
          "schema_version": 0,
          "attributes": {
            "address_prefixes": [
              "10.0.1.0/24"
            ],
            "default_outbound_access_enabled": true,
            "delegation": [],
            "id": "/subscriptions/11ff11e0-ab54-4f1e-a7d2-66986dba8a7b/resourceGroups/rg-hub/providers/Microsoft.Network/virtualNetworks/vnet-hub/subnets/snet-hub",
            "ip_address_pool": [],
            "name": "snet-hub",
            "private_endpoint_network_policies": "Disabled",
            "private_link_service_network_policies_enabled": true,
            "resource_group_name": "rg-hub",
            "service_endpoint_policy_ids": [],
            "service_endpoints": [],
            "sharing_scope": "",
            "timeouts": null,
            "virtual_network_name": "vnet-hub"
          },
          "sensitive_attributes": [],
          "identity_schema_version": 0,
          "identity": {
            "name": "snet-hub",
            "resource_group_name": "rg-hub",
            "subscription_id": "11ff11e0-ab54-4f1e-a7d2-66986dba8a7b",
            "virtual_network_name": "vnet-hub"
          },
          "private": "eyJlMmJmYjczMC1lY2FhLTExZTYtOGY4OC0zNDM2M2JjN2M0YzAiOnsiY3JlYXRlIjoxODAwMDAwMDAwMDAwLCJkZWxldGUiOjE4MDAwMDAwMDAwMDAsInJlYWQiOjMwMDAwMDAwMDAwMCwidXBkYXRlIjoxODAwMDAwMDAwMDAwfX0=",
          "dependencies": [
            "module.networking.azurerm_resource_group.hub",
            "module.networking.azurerm_virtual_network.hub"
          ]
        }
      ]
    },
    {
      "module": "module.networking",
      "mode": "managed",
      "type": "azurerm_subnet",
      "name": "spoke1_subnet",
      "provider": "provider[\"registry.terraform.io/hashicorp/azurerm\"]",
      "instances": [
        {
          "schema_version": 0,
          "attributes": {
            "address_prefixes": [
              "10.1.1.0/24"
            ],
            "default_outbound_access_enabled": true,
            "delegation": [],
            "id": "/subscriptions/11ff11e0-ab54-4f1e-a7d2-66986dba8a7b/resourceGroups/rg-spoke1/providers/Microsoft.Network/virtualNetworks/vnet-spoke1/subnets/snet-spoke1",
            "ip_address_pool": [],
            "name": "snet-spoke1",
            "private_endpoint_network_policies": "Disabled",
            "private_link_service_network_policies_enabled": true,
            "resource_group_name": "rg-spoke1",
            "service_endpoint_policy_ids": [],
            "service_endpoints": [],
            "sharing_scope": "",
            "timeouts": null,
            "virtual_network_name": "vnet-spoke1"
          },
          "sensitive_attributes": [],
          "identity_schema_version": 0,
          "identity": {
            "name": "snet-spoke1",
            "resource_group_name": "rg-spoke1",
            "subscription_id": "11ff11e0-ab54-4f1e-a7d2-66986dba8a7b",
            "virtual_network_name": "vnet-spoke1"
          },
          "private": "eyJlMmJmYjczMC1lY2FhLTExZTYtOGY4OC0zNDM2M2JjN2M0YzAiOnsiY3JlYXRlIjoxODAwMDAwMDAwMDAwLCJkZWxldGUiOjE4MDAwMDAwMDAwMDAsInJlYWQiOjMwMDAwMDAwMDAwMCwidXBkYXRlIjoxODAwMDAwMDAwMDAwfX0=",
          "dependencies": [
            "module.networking.azurerm_resource_group.spoke1",
            "module.networking.azurerm_virtual_network.spoke1"
          ]
        }
      ]
    },
    {
      "module": "module.networking",
      "mode": "managed",
      "type": "azurerm_virtual_network",
      "name": "hub",
      "provider": "provider[\"registry.terraform.io/hashicorp/azurerm\"]",
      "instances": [
        {
          "schema_version": 0,
          "attributes": {
            "address_space": [
              "10.0.0.0/16"
            ],
            "bgp_community": "",
            "ddos_protection_plan": [],
            "dns_servers": [],
            "edge_zone": "",
            "encryption": [],
            "flow_timeout_in_minutes": 0,
            "guid": "6e708b3a-003e-4d9b-bb1a-1f50ad4d08cd",
            "id": "/subscriptions/11ff11e0-ab54-4f1e-a7d2-66986dba8a7b/resourceGroups/rg-hub/providers/Microsoft.Network/virtualNetworks/vnet-hub",
            "ip_address_pool": [],
            "location": "eastus",
            "name": "vnet-hub",
            "private_endpoint_vnet_policies": "Disabled",
            "resource_group_name": "rg-hub",
            "subnet": [
              {
                "address_prefixes": [
                  "10.0.1.0/24"
                ],
                "default_outbound_access_enabled": true,
                "delegation": [],
                "id": "/subscriptions/11ff11e0-ab54-4f1e-a7d2-66986dba8a7b/resourceGroups/rg-hub/providers/Microsoft.Network/virtualNetworks/vnet-hub/subnets/snet-hub",
                "name": "snet-hub",
                "private_endpoint_network_policies": "Disabled",
                "private_link_service_network_policies_enabled": true,
                "route_table_id": "",
                "security_group": "",
                "service_endpoint_policy_ids": [],
                "service_endpoints": []
              }
            ],
            "tags": {},
            "timeouts": null
          },
          "sensitive_attributes": [],
          "identity_schema_version": 0,
          "identity": {
            "name": "vnet-hub",
            "resource_group_name": "rg-hub",
            "subscription_id": "11ff11e0-ab54-4f1e-a7d2-66986dba8a7b"
          },
          "private": "eyJlMmJmYjczMC1lY2FhLTExZTYtOGY4OC0zNDM2M2JjN2M0YzAiOnsiY3JlYXRlIjoxODAwMDAwMDAwMDAwLCJkZWxldGUiOjE4MDAwMDAwMDAwMDAsInJlYWQiOjMwMDAwMDAwMDAwMCwidXBkYXRlIjoxODAwMDAwMDAwMDAwfX0=",
          "dependencies": [
            "module.networking.azurerm_resource_group.hub"
          ]
        }
      ]
    },
    {
      "module": "module.networking",
      "mode": "managed",
      "type": "azurerm_virtual_network",
      "name": "spoke1",
      "provider": "provider[\"registry.terraform.io/hashicorp/azurerm\"]",
      "instances": [
        {
          "schema_version": 0,
          "attributes": {
            "address_space": [
              "10.1.0.0/16"
            ],
            "bgp_community": "",
            "ddos_protection_plan": [],
            "dns_servers": [],
            "edge_zone": "",
            "encryption": [],
            "flow_timeout_in_minutes": 0,
            "guid": "e152c096-1e63-41c0-b575-ab0de1beff71",
            "id": "/subscriptions/11ff11e0-ab54-4f1e-a7d2-66986dba8a7b/resourceGroups/rg-spoke1/providers/Microsoft.Network/virtualNetworks/vnet-spoke1",
            "ip_address_pool": [],
            "location": "eastus",
            "name": "vnet-spoke1",
            "private_endpoint_vnet_policies": "Disabled",
            "resource_group_name": "rg-spoke1",
            "subnet": [
              {
                "address_prefixes": [
                  "10.1.1.0/24"
                ],
                "default_outbound_access_enabled": true,
                "delegation": [],
                "id": "/subscriptions/11ff11e0-ab54-4f1e-a7d2-66986dba8a7b/resourceGroups/rg-spoke1/providers/Microsoft.Network/virtualNetworks/vnet-spoke1/subnets/snet-spoke1",
                "name": "snet-spoke1",
                "private_endpoint_network_policies": "Disabled",
                "private_link_service_network_policies_enabled": true,
                "route_table_id": "",
                "security_group": "",
                "service_endpoint_policy_ids": [],
                "service_endpoints": []
              }
            ],
            "tags": {},
            "timeouts": null
          },
          "sensitive_attributes": [],
          "identity_schema_version": 0,
          "identity": {
            "name": "vnet-spoke1",
            "resource_group_name": "rg-spoke1",
            "subscription_id": "11ff11e0-ab54-4f1e-a7d2-66986dba8a7b"
          },
          "private": "eyJlMmJmYjczMC1lY2FhLTExZTYtOGY4OC0zNDM2M2JjN2M0YzAiOnsiY3JlYXRlIjoxODAwMDAwMDAwMDAwLCJkZWxldGUiOjE4MDAwMDAwMDAwMDAsInJlYWQiOjMwMDAwMDAwMDAwMCwidXBkYXRlIjoxODAwMDAwMDAwMDAwfX0=",
          "dependencies": [
            "module.networking.azurerm_resource_group.spoke1"
          ]
        }
      ]
    },
    {
      "module": "module.networking",
      "mode": "managed",
      "type": "azurerm_virtual_network_peering",
      "name": "hub_to_spoke1",
      "provider": "provider[\"registry.terraform.io/hashicorp/azurerm\"]",
      "instances": [
        {
          "schema_version": 0,
          "attributes": {
            "allow_forwarded_traffic": true,
            "allow_gateway_transit": false,
            "allow_virtual_network_access": true,
            "id": "/subscriptions/11ff11e0-ab54-4f1e-a7d2-66986dba8a7b/resourceGroups/rg-hub/providers/Microsoft.Network/virtualNetworks/vnet-hub/virtualNetworkPeerings/hub-to-spoke1",
            "local_subnet_names": [],
            "name": "hub-to-spoke1",
            "only_ipv6_peering_enabled": false,
            "peer_complete_virtual_networks_enabled": true,
            "remote_subnet_names": [],
            "remote_virtual_network_id": "/subscriptions/11ff11e0-ab54-4f1e-a7d2-66986dba8a7b/resourceGroups/rg-spoke1/providers/Microsoft.Network/virtualNetworks/vnet-spoke1",
            "resource_group_name": "rg-hub",
            "timeouts": null,
            "triggers": null,
            "use_remote_gateways": false,
            "virtual_network_name": "vnet-hub"
          },
          "sensitive_attributes": [],
          "identity_schema_version": 0,
          "identity": {
            "name": "hub-to-spoke1",
            "resource_group_name": "rg-hub",
            "subscription_id": "11ff11e0-ab54-4f1e-a7d2-66986dba8a7b",
            "virtual_network_name": "vnet-hub"
          },
          "private": "eyJlMmJmYjczMC1lY2FhLTExZTYtOGY4OC0zNDM2M2JjN2M0YzAiOnsiY3JlYXRlIjoxODAwMDAwMDAwMDAwLCJkZWxldGUiOjE4MDAwMDAwMDAwMDAsInJlYWQiOjMwMDAwMDAwMDAwMCwidXBkYXRlIjoxODAwMDAwMDAwMDAwfX0=",
          "dependencies": [
            "module.networking.azurerm_resource_group.hub",
            "module.networking.azurerm_resource_group.spoke1",
            "module.networking.azurerm_virtual_network.hub",
            "module.networking.azurerm_virtual_network.spoke1"
          ]
        }
      ]
    },
    {
      "module": "module.networking",
      "mode": "managed",
      "type": "azurerm_virtual_network_peering",
      "name": "spoke1_to_hub",
      "provider": "provider[\"registry.terraform.io/hashicorp/azurerm\"]",
      "instances": [
        {
          "schema_version": 0,
          "attributes": {
            "allow_forwarded_traffic": true,
            "allow_gateway_transit": false,
            "allow_virtual_network_access": true,
            "id": "/subscriptions/11ff11e0-ab54-4f1e-a7d2-66986dba8a7b/resourceGroups/rg-spoke1/providers/Microsoft.Network/virtualNetworks/vnet-spoke1/virtualNetworkPeerings/spoke1-to-hub",
            "local_subnet_names": [],
            "name": "spoke1-to-hub",
            "only_ipv6_peering_enabled": false,
            "peer_complete_virtual_networks_enabled": true,
            "remote_subnet_names": [],
            "remote_virtual_network_id": "/subscriptions/11ff11e0-ab54-4f1e-a7d2-66986dba8a7b/resourceGroups/rg-hub/providers/Microsoft.Network/virtualNetworks/vnet-hub",
            "resource_group_name": "rg-spoke1",
            "timeouts": null,
            "triggers": null,
            "use_remote_gateways": false,
            "virtual_network_name": "vnet-spoke1"
          },
          "sensitive_attributes": [],
          "identity_schema_version": 0,
          "identity": {
            "name": "spoke1-to-hub",
            "resource_group_name": "rg-spoke1",
            "subscription_id": "11ff11e0-ab54-4f1e-a7d2-66986dba8a7b",
            "virtual_network_name": "vnet-spoke1"
          },
          "private": "eyJlMmJmYjczMC1lY2FhLTExZTYtOGY4OC0zNDM2M2JjN2M0YzAiOnsiY3JlYXRlIjoxODAwMDAwMDAwMDAwLCJkZWxldGUiOjE4MDAwMDAwMDAwMDAsInJlYWQiOjMwMDAwMDAwMDAwMCwidXBkYXRlIjoxODAwMDAwMDAwMDAwfX0=",
          "dependencies": [
            "module.networking.azurerm_resource_group.hub",
            "module.networking.azurerm_resource_group.spoke1",
            "module.networking.azurerm_virtual_network.hub",
            "module.networking.azurerm_virtual_network.spoke1"
          ]
        }
      ]
    },
    {
      "module": "module.policy",
      "mode": "managed",
      "type": "azurerm_management_group_policy_assignment",
      "name": "require_tag_environment_assignment",
      "provider": "provider[\"registry.terraform.io/hashicorp/azurerm\"]",
      "instances": [
        {
          "schema_version": 0,
          "attributes": {
            "description": "",
            "display_name": "Require environment tag",
            "enforce": true,
            "id": "/providers/Microsoft.Management/managementGroups/mg-landing-zone/providers/Microsoft.Authorization/policyAssignments/require-tag-env",
            "identity": [],
            "location": "",
            "management_group_id": "/providers/Microsoft.Management/managementGroups/mg-landing-zone",
            "metadata": "{\"createdBy\":\"ca1f12a4-4a72-4d81-a114-0d6608c8571b\",\"createdOn\":\"2026-04-09T03:16:16.2814505Z\",\"updatedBy\":null,\"updatedOn\":null}",
            "name": "require-tag-env",
            "non_compliance_message": [],
            "not_scopes": [],
            "overrides": [],
            "parameters": "",
            "policy_definition_id": "/providers/Microsoft.Management/managementGroups/mg-landing-zone/providers/Microsoft.Authorization/policyDefinitions/require-tag-environment",
            "resource_selectors": [],
            "timeouts": null
          },
          "sensitive_attributes": [],
          "identity_schema_version": 0,
          "private": "eyJlMmJmYjczMC1lY2FhLTExZTYtOGY4OC0zNDM2M2JjN2M0YzAiOnsiY3JlYXRlIjoxODAwMDAwMDAwMDAwLCJkZWxldGUiOjE4MDAwMDAwMDAwMDAsInJlYWQiOjMwMDAwMDAwMDAwMCwidXBkYXRlIjoxODAwMDAwMDAwMDAwfX0=",
          "dependencies": [
            "module.management_groups.azurerm_management_group.landing_zone",
            "module.policy.azurerm_policy_definition.require_tag_environment"
          ]
        }
      ]
    },
    {
      "module": "module.policy",
      "mode": "managed",
      "type": "azurerm_policy_definition",
      "name": "require_tag_environment",
      "provider": "provider[\"registry.terraform.io/hashicorp/azurerm\"]",
      "instances": [
        {
          "schema_version": 0,
          "attributes": {
            "description": "",
            "display_name": "Require environment tag",
            "id": "/providers/Microsoft.Management/managementGroups/mg-landing-zone/providers/Microsoft.Authorization/policyDefinitions/require-tag-environment",
            "management_group_id": "/providers/Microsoft.Management/managementGroups/mg-landing-zone",
            "metadata": "{\"createdBy\":\"ca1f12a4-4a72-4d81-a114-0d6608c8571b\",\"createdOn\":\"2026-04-09T03:14:45.0308008Z\",\"updatedBy\":null,\"updatedOn\":null}",
            "mode": "All",
            "name": "require-tag-environment",
            "parameters": "",
            "policy_rule": "{\"if\":{\"equals\":\"\",\"field\":\"tags['environment']\"},\"then\":{\"effect\":\"deny\"}}",
            "policy_type": "Custom",
            "role_definition_ids": [],
            "timeouts": null
          },
          "sensitive_attributes": [],
          "identity_schema_version": 0,
          "private": "eyJlMmJmYjczMC1lY2FhLTExZTYtOGY4OC0zNDM2M2JjN2M0YzAiOnsiY3JlYXRlIjoxODAwMDAwMDAwMDAwLCJkZWxldGUiOjE4MDAwMDAwMDAwMDAsInJlYWQiOjMwMDAwMDAwMDAwMCwidXBkYXRlIjoxODAwMDAwMDAwMDAwfX0=",
          "dependencies": [
            "module.management_groups.azurerm_management_group.landing_zone"
          ]
        }
      ]
    },
    {
      "module": "module.rbac",
      "mode": "managed",
      "type": "azurerm_role_assignment",
      "name": "platform_team",
      "provider": "provider[\"registry.terraform.io/hashicorp/azurerm\"]",
      "instances": [
        {
          "schema_version": 0,
          "attributes": {
            "condition": "",
            "condition_version": "",
            "delegated_managed_identity_resource_id": "",
            "description": "",
            "id": "/subscriptions/11ff11e0-ab54-4f1e-a7d2-66986dba8a7b/resourceGroups/rg-hub/providers/Microsoft.Network/virtualNetworks/vnet-hub/providers/Microsoft.Authorization/roleAssignments/707af36b-ebe8-453b-25e2-a4cec7897866",
            "name": "707af36b-ebe8-453b-25e2-a4cec7897866",
            "principal_id": "ca1f12a4-4a72-4d81-a114-0d6608c8571b",
            "principal_type": "User",
            "role_definition_id": "/subscriptions/11ff11e0-ab54-4f1e-a7d2-66986dba8a7b/providers/Microsoft.Authorization/roleDefinitions/b24988ac-6180-42a0-ab88-20f7382dd24c",
            "role_definition_name": "Contributor",
            "scope": "/subscriptions/11ff11e0-ab54-4f1e-a7d2-66986dba8a7b/resourceGroups/rg-hub/providers/Microsoft.Network/virtualNetworks/vnet-hub",
            "skip_service_principal_aad_check": null,
            "timeouts": null
          },
          "sensitive_attributes": [],
          "identity_schema_version": 0,
          "private": "eyJlMmJmYjczMC1lY2FhLTExZTYtOGY4OC0zNDM2M2JjN2M0YzAiOnsiY3JlYXRlIjoxODAwMDAwMDAwMDAwLCJkZWxldGUiOjE4MDAwMDAwMDAwMDAsInJlYWQiOjMwMDAwMDAwMDAwMH19",
          "dependencies": [
            "module.networking.azurerm_resource_group.hub",
            "module.networking.azurerm_virtual_network.hub"
          ]
        }
      ]
    },
    {
      "module": "module.rbac",
      "mode": "managed",
      "type": "azurerm_role_assignment",
      "name": "workload_team",
      "provider": "provider[\"registry.terraform.io/hashicorp/azurerm\"]",
      "instances": [
        {
          "schema_version": 0,
          "attributes": {
            "condition": "",
            "condition_version": "",
            "delegated_managed_identity_resource_id": "",
            "description": "",
            "id": "/subscriptions/11ff11e0-ab54-4f1e-a7d2-66986dba8a7b/resourceGroups/rg-spoke1/providers/Microsoft.Network/virtualNetworks/vnet-spoke1/providers/Microsoft.Authorization/roleAssignments/944ada70-d490-5f4c-5b5b-004d256370f2",
            "name": "944ada70-d490-5f4c-5b5b-004d256370f2",
            "principal_id": "ca1f12a4-4a72-4d81-a114-0d6608c8571b",
            "principal_type": "User",
            "role_definition_id": "/subscriptions/11ff11e0-ab54-4f1e-a7d2-66986dba8a7b/providers/Microsoft.Authorization/roleDefinitions/b24988ac-6180-42a0-ab88-20f7382dd24c",
            "role_definition_name": "Contributor",
            "scope": "/subscriptions/11ff11e0-ab54-4f1e-a7d2-66986dba8a7b/resourceGroups/rg-spoke1/providers/Microsoft.Network/virtualNetworks/vnet-spoke1",
            "skip_service_principal_aad_check": null,
            "timeouts": null
          },
          "sensitive_attributes": [],
          "identity_schema_version": 0,
          "private": "eyJlMmJmYjczMC1lY2FhLTExZTYtOGY4OC0zNDM2M2JjN2M0YzAiOnsiY3JlYXRlIjoxODAwMDAwMDAwMDAwLCJkZWxldGUiOjE4MDAwMDAwMDAwMDAsInJlYWQiOjMwMDAwMDAwMDAwMH19",
          "dependencies": [
            "module.networking.azurerm_resource_group.spoke1",
            "module.networking.azurerm_virtual_network.spoke1"
          ]
        }
      ]
    }
  ],
  "check_results": null
}
